
Microsoft Visual Studio Solution File, Format Version 12.00
# Visual Studio Version 17
VisualStudioVersion = 17.11.35222.181
MinimumVisualStudioVersion = 10.0.40219.1
Project("{9A19103F-16F7-4668-BE54-9A1E7A4F7556}") = "PL", "PL\PL.csproj", "{868B9A30-0A0D-434A-B984-B04F253E2E9B}"
EndProject
Project("{9A19103F-16F7-4668-BE54-9A1E7A4F7556}") = "DAL", "DAL\DAL.csproj", "{865348F6-246C-4A33-85B2-1EC4FD2EA39E}"
EndProject
Project("{9A19103F-16F7-4668-BE54-9A1E7A4F7556}") = "BLL", "BLL\BLL.csproj", "{DD0DA5EC-0872-4093-AAC8-4002C619A1D2}"
EndProject
Project("{2150E333-8FDC-42A3-9474-1A3956D46DE8}") = "Solution Items", "Solution Items", "{F8F04E29-079E-47D4-9148-674D05638408}"
	ProjectSection(SolutionItems) = preProject
		.gitignore = .gitignore
	EndProjectSection
EndProject
Global
	GlobalSection(SolutionConfigurationPlatforms) = preSolution
		Debug|Any CPU = Debug|Any CPU
		Release|Any CPU = Release|Any CPU
	EndGlobalSection
	GlobalSection(ProjectConfigurationPlatforms) = postSolution
		{868B9A30-0A0D-434A-B984-B04F253E2E9B}.Debug|Any CPU.ActiveCfg = Debug|Any CPU
		{868B9A30-0A0D-434A-B984-B04F253E2E9B}.Debug|Any CPU.Build.0 = Debug|Any CPU
		{868B9A30-0A0D-434A-B984-B04F253E2E9B}.Release|Any CPU.ActiveCfg = Release|Any CPU
		{868B9A30-0A0D-434A-B984-B04F253E2E9B}.Release|Any CPU.Build.0 = Release|Any CPU
		{865348F6-246C-4A33-85B2-1EC4FD2EA39E}.Debug|Any CPU.ActiveCfg = Debug|Any CPU
		{865348F6-246C-4A33-85B2-1EC4FD2EA39E}.Debug|Any CPU.Build.0 = Debug|Any CPU
		{865348F6-246C-4A33-85B2-1EC4FD2EA39E}.Release|Any CPU.ActiveCfg = Release|Any CPU
		{865348F6-246C-4A33-85B2-1EC4FD2EA39E}.Release|Any CPU.Build.0 = Release|Any CPU
		{DD0DA5EC-0872-4093-AAC8-4002C619A1D2}.Debug|Any CPU.ActiveCfg = Debug|Any CPU
		{DD0DA5EC-0872-4093-AAC8-4002C619A1D2}.Debug|Any CPU.Build.0 = Debug|Any CPU
		{DD0DA5EC-0872-4093-AAC8-4002C619A1D2}.Release|Any CPU.ActiveCfg = Release|Any CPU
		{DD0DA5EC-0872-4093-AAC8-4002C619A1D2}.Release|Any CPU.Build.0 = Release|Any CPU
	EndGlobalSection
	GlobalSection(SolutionProperties) = preSolution
		HideSolutionNode = FALSE
	EndGlobalSection
	GlobalSection(ExtensibilityGlobals) = postSolution
		SolutionGuid = {7B472638-8943-46DC-B19D-5CFD37878634}
	EndGlobalSection
EndGlobal
